
Microsoft Visual Studio Solution File, Format Version 12.00
# Visual Studio Version 16
VisualStudioVersion = 16.0.31829.152
MinimumVisualStudioVersion = 10.0.40219.1
Project("{2150E333-8FDC-42A3-9474-1A3956D46DE8}") = "01 Enterprise Business Rules", "01 Enterprise Business Rules", "{9801882F-0E67-414B-8B1A-0FF323721307}"
EndProject
Project("{2150E333-8FDC-42A3-9474-1A3956D46DE8}") = "02 Application Business Rules", "02 Application Business Rules", "{10AB4823-E937-4AA3-B2F7-922EDF881EA1}"
EndProject
Project("{2150E333-8FDC-42A3-9474-1A3956D46DE8}") = "03 Interfaces Adapters", "03 Interfaces Adapters", "{FDA029A6-2361-465E-8A34-D3D83ADADDB2}"
EndProject
Project("{2150E333-8FDC-42A3-9474-1A3956D46DE8}") = "04 Frameworks and Drivers", "04 Frameworks and Drivers", "{E05E8501-B5E6-453A-BB2E-22D2CB78A390}"
EndProject
Project("{9A19103F-16F7-4668-BE54-9A1E7A4F7556}") = "Ex12.Entities", "Ex12.Entities\Ex12.Entities.csproj", "{E8CF83A4-7EF9-48CE-959B-B20B17C3761C}"
EndProject
Project("{2150E333-8FDC-42A3-9474-1A3956D46DE8}") = "Gateways", "Gateways", "{1DBC30E0-6A94-4D27-B8BA-59D85D754024}"
EndProject
Project("{9A19103F-16F7-4668-BE54-9A1E7A4F7556}") = "Ex12.RepositoryEFCore", "Ex12.RepositoryEFCore\Ex12.RepositoryEFCore.csproj", "{B45AF1B9-03A8-4288-B573-57B55D9C2BE0}"
EndProject
Project("{2150E333-8FDC-42A3-9474-1A3956D46DE8}") = "11 Notas", "11 Notas", "{7163EDA2-BDF0-4C62-9FCE-F86830E51816}"
	ProjectSection(SolutionItems) = preProject
		Notas.txt = Notas.txt
	EndProjectSection
EndProject
Project("{9A19103F-16F7-4668-BE54-9A1E7A4F7556}") = "Ex12.Dtos", "Ex12.Dtos\Ex12.Dtos.csproj", "{EA56F6C4-FBA2-410F-9BB7-2B7A10063EAF}"
EndProject
Project("{9A19103F-16F7-4668-BE54-9A1E7A4F7556}") = "Ex12.UseCasesPort", "Ex12.UseCasesPort\Ex12.UseCasesPort.csproj", "{F0217098-CA40-4D61-91FD-F282D1511F56}"
EndProject
Project("{9A19103F-16F7-4668-BE54-9A1E7A4F7556}") = "Ex12.UseCases", "Ex12.UseCases\Ex12.UseCases.csproj", "{B714D4A0-FDA5-4C60-B663-20378D4AC6C0}"
EndProject
Project("{2150E333-8FDC-42A3-9474-1A3956D46DE8}") = "Presenters", "Presenters", "{3F4A45D9-5FC1-4B6F-ABA7-23213AAF4C0F}"
EndProject
Project("{9A19103F-16F7-4668-BE54-9A1E7A4F7556}") = "Ex12.Presenters", "Ex12.Presenters\Ex12.Presenters.csproj", "{3D2EB019-5970-46A3-BC44-1A51B202B2FE}"
EndProject
Project("{9A19103F-16F7-4668-BE54-9A1E7A4F7556}") = "Ex12.IoC", "Ex12.IoC\Ex12.IoC.csproj", "{810BFD83-13F0-431E-B86E-B56084831B93}"
EndProject
Project("{2150E333-8FDC-42A3-9474-1A3956D46DE8}") = "Controllers", "Controllers", "{C57019FC-CD79-4A10-B821-2E9D6F73AFCC}"
EndProject
Project("{9A19103F-16F7-4668-BE54-9A1E7A4F7556}") = "Ex12.Controllers", "Ex12.Controllers\Ex12.Controllers.csproj", "{A6F1D8C2-C3AB-4CBB-B9A6-A96C307832EC}"
EndProject
Project("{2150E333-8FDC-42A3-9474-1A3956D46DE8}") = "UIs", "UIs", "{17ADF7D4-8B3A-490B-B663-576B44002CD1}"
EndProject
Project("{9A19103F-16F7-4668-BE54-9A1E7A4F7556}") = "Ex12.Api", "Ex12.Api\Ex12.Api.csproj", "{58274D48-E66B-4403-844B-532CB18C9E9B}"
EndProject
Project("{9A19103F-16F7-4668-BE54-9A1E7A4F7556}") = "Ex12.WebExceptionsPresenter", "Ex12.WebExceptionsPresenter\Ex12.WebExceptionsPresenter.csproj", "{A5A2931D-6598-48C9-91DB-1E0333488920}"
EndProject
Project("{9A19103F-16F7-4668-BE54-9A1E7A4F7556}") = "Ex12.Mappers", "Ex12.Mappers\Ex12.Mappers.csproj", "{95FBFA3A-34C1-403B-90FB-60787180D01D}"
EndProject
Project("{9A19103F-16F7-4668-BE54-9A1E7A4F7556}") = "Ex12.Wpf", "Ex12.Wpf\Ex12.Wpf.csproj", "{80EC341D-7E9E-4233-9F52-35636FFBD4F4}"
EndProject
Project("{2150E333-8FDC-42A3-9474-1A3956D46DE8}") = "10 Test", "10 Test", "{AE2BB395-E830-4830-A361-0ED02183C16A}"
EndProject
Project("{9A19103F-16F7-4668-BE54-9A1E7A4F7556}") = "Ex12.Test.Entities", "Ex12.Test.Entities\Ex12.Test.Entities.csproj", "{724F1D2D-8764-452A-9C1E-A15C976D0ACE}"
EndProject
Project("{FAE04EC0-301F-11D3-BF4B-00C04F79EFBC}") = "Ex12.Web", "Ex12.Web\Ex12.Web.csproj", "{330A9E06-5053-4A0C-A5B1-6FC5AA8954D8}"
EndProject
Global
	GlobalSection(SolutionConfigurationPlatforms) = preSolution
		Debug|Any CPU = Debug|Any CPU
		Release|Any CPU = Release|Any CPU
	EndGlobalSection
	GlobalSection(ProjectConfigurationPlatforms) = postSolution
		{E8CF83A4-7EF9-48CE-959B-B20B17C3761C}.Debug|Any CPU.ActiveCfg = Debug|Any CPU
		{E8CF83A4-7EF9-48CE-959B-B20B17C3761C}.Debug|Any CPU.Build.0 = Debug|Any CPU
		{E8CF83A4-7EF9-48CE-959B-B20B17C3761C}.Release|Any CPU.ActiveCfg = Release|Any CPU
		{E8CF83A4-7EF9-48CE-959B-B20B17C3761C}.Release|Any CPU.Build.0 = Release|Any CPU
		{B45AF1B9-03A8-4288-B573-57B55D9C2BE0}.Debug|Any CPU.ActiveCfg = Debug|Any CPU
		{B45AF1B9-03A8-4288-B573-57B55D9C2BE0}.Debug|Any CPU.Build.0 = Debug|Any CPU
		{B45AF1B9-03A8-4288-B573-57B55D9C2BE0}.Release|Any CPU.ActiveCfg = Release|Any CPU
		{B45AF1B9-03A8-4288-B573-57B55D9C2BE0}.Release|Any CPU.Build.0 = Release|Any CPU
		{EA56F6C4-FBA2-410F-9BB7-2B7A10063EAF}.Debug|Any CPU.ActiveCfg = Debug|Any CPU
		{EA56F6C4-FBA2-410F-9BB7-2B7A10063EAF}.Debug|Any CPU.Build.0 = Debug|Any CPU
		{EA56F6C4-FBA2-410F-9BB7-2B7A10063EAF}.Release|Any CPU.ActiveCfg = Release|Any CPU
		{EA56F6C4-FBA2-410F-9BB7-2B7A10063EAF}.Release|Any CPU.Build.0 = Release|Any CPU
		{F0217098-CA40-4D61-91FD-F282D1511F56}.Debug|Any CPU.ActiveCfg = Debug|Any CPU
		{F0217098-CA40-4D61-91FD-F282D1511F56}.Debug|Any CPU.Build.0 = Debug|Any CPU
		{F0217098-CA40-4D61-91FD-F282D1511F56}.Release|Any CPU.ActiveCfg = Release|Any CPU
		{F0217098-CA40-4D61-91FD-F282D1511F56}.Release|Any CPU.Build.0 = Release|Any CPU
		{B714D4A0-FDA5-4C60-B663-20378D4AC6C0}.Debug|Any CPU.ActiveCfg = Debug|Any CPU
		{B714D4A0-FDA5-4C60-B663-20378D4AC6C0}.Debug|Any CPU.Build.0 = Debug|Any CPU
		{B714D4A0-FDA5-4C60-B663-20378D4AC6C0}.Release|Any CPU.ActiveCfg = Release|Any CPU
		{B714D4A0-FDA5-4C60-B663-20378D4AC6C0}.Release|Any CPU.Build.0 = Release|Any CPU
		{3D2EB019-5970-46A3-BC44-1A51B202B2FE}.Debug|Any CPU.ActiveCfg = Debug|Any CPU
		{3D2EB019-5970-46A3-BC44-1A51B202B2FE}.Debug|Any CPU.Build.0 = Debug|Any CPU
		{3D2EB019-5970-46A3-BC44-1A51B202B2FE}.Release|Any CPU.ActiveCfg = Release|Any CPU
		{3D2EB019-5970-46A3-BC44-1A51B202B2FE}.Release|Any CPU.Build.0 = Release|Any CPU
		{810BFD83-13F0-431E-B86E-B56084831B93}.Debug|Any CPU.ActiveCfg = Debug|Any CPU
		{810BFD83-13F0-431E-B86E-B56084831B93}.Debug|Any CPU.Build.0 = Debug|Any CPU
		{810BFD83-13F0-431E-B86E-B56084831B93}.Release|Any CPU.ActiveCfg = Release|Any CPU
		{810BFD83-13F0-431E-B86E-B56084831B93}.Release|Any CPU.Build.0 = Release|Any CPU
		{A6F1D8C2-C3AB-4CBB-B9A6-A96C307832EC}.Debug|Any CPU.ActiveCfg = Debug|Any CPU
		{A6F1D8C2-C3AB-4CBB-B9A6-A96C307832EC}.Debug|Any CPU.Build.0 = Debug|Any CPU
		{A6F1D8C2-C3AB-4CBB-B9A6-A96C307832EC}.Release|Any CPU.ActiveCfg = Release|Any CPU
		{A6F1D8C2-C3AB-4CBB-B9A6-A96C307832EC}.Release|Any CPU.Build.0 = Release|Any CPU
		{58274D48-E66B-4403-844B-532CB18C9E9B}.Debug|Any CPU.ActiveCfg = Debug|Any CPU
		{58274D48-E66B-4403-844B-532CB18C9E9B}.Debug|Any CPU.Build.0 = Debug|Any CPU
		{58274D48-E66B-4403-844B-532CB18C9E9B}.Release|Any CPU.ActiveCfg = Release|Any CPU
		{58274D48-E66B-4403-844B-532CB18C9E9B}.Release|Any CPU.Build.0 = Release|Any CPU
		{A5A2931D-6598-48C9-91DB-1E0333488920}.Debug|Any CPU.ActiveCfg = Debug|Any CPU
		{A5A2931D-6598-48C9-91DB-1E0333488920}.Debug|Any CPU.Build.0 = Debug|Any CPU
		{A5A2931D-6598-48C9-91DB-1E0333488920}.Release|Any CPU.ActiveCfg = Release|Any CPU
		{A5A2931D-6598-48C9-91DB-1E0333488920}.Release|Any CPU.Build.0 = Release|Any CPU
		{95FBFA3A-34C1-403B-90FB-60787180D01D}.Debug|Any CPU.ActiveCfg = Debug|Any CPU
		{95FBFA3A-34C1-403B-90FB-60787180D01D}.Debug|Any CPU.Build.0 = Debug|Any CPU
		{95FBFA3A-34C1-403B-90FB-60787180D01D}.Release|Any CPU.ActiveCfg = Release|Any CPU
		{95FBFA3A-34C1-403B-90FB-60787180D01D}.Release|Any CPU.Build.0 = Release|Any CPU
		{80EC341D-7E9E-4233-9F52-35636FFBD4F4}.Debug|Any CPU.ActiveCfg = Debug|Any CPU
		{80EC341D-7E9E-4233-9F52-35636FFBD4F4}.Debug|Any CPU.Build.0 = Debug|Any CPU
		{80EC341D-7E9E-4233-9F52-35636FFBD4F4}.Release|Any CPU.ActiveCfg = Release|Any CPU
		{80EC341D-7E9E-4233-9F52-35636FFBD4F4}.Release|Any CPU.Build.0 = Release|Any CPU
		{724F1D2D-8764-452A-9C1E-A15C976D0ACE}.Debug|Any CPU.ActiveCfg = Debug|Any CPU
		{724F1D2D-8764-452A-9C1E-A15C976D0ACE}.Debug|Any CPU.Build.0 = Debug|Any CPU
		{724F1D2D-8764-452A-9C1E-A15C976D0ACE}.Release|Any CPU.ActiveCfg = Release|Any CPU
		{724F1D2D-8764-452A-9C1E-A15C976D0ACE}.Release|Any CPU.Build.0 = Release|Any CPU
		{330A9E06-5053-4A0C-A5B1-6FC5AA8954D8}.Debug|Any CPU.ActiveCfg = Debug|Any CPU
		{330A9E06-5053-4A0C-A5B1-6FC5AA8954D8}.Debug|Any CPU.Build.0 = Debug|Any CPU
		{330A9E06-5053-4A0C-A5B1-6FC5AA8954D8}.Release|Any CPU.ActiveCfg = Release|Any CPU
		{330A9E06-5053-4A0C-A5B1-6FC5AA8954D8}.Release|Any CPU.Build.0 = Release|Any CPU
	EndGlobalSection
	GlobalSection(SolutionProperties) = preSolution
		HideSolutionNode = FALSE
	EndGlobalSection
	GlobalSection(NestedProjects) = preSolution
		{E8CF83A4-7EF9-48CE-959B-B20B17C3761C} = {9801882F-0E67-414B-8B1A-0FF323721307}
		{1DBC30E0-6A94-4D27-B8BA-59D85D754024} = {FDA029A6-2361-465E-8A34-D3D83ADADDB2}
		{B45AF1B9-03A8-4288-B573-57B55D9C2BE0} = {1DBC30E0-6A94-4D27-B8BA-59D85D754024}
		{EA56F6C4-FBA2-410F-9BB7-2B7A10063EAF} = {10AB4823-E937-4AA3-B2F7-922EDF881EA1}
		{F0217098-CA40-4D61-91FD-F282D1511F56} = {10AB4823-E937-4AA3-B2F7-922EDF881EA1}
		{B714D4A0-FDA5-4C60-B663-20378D4AC6C0} = {10AB4823-E937-4AA3-B2F7-922EDF881EA1}
		{3F4A45D9-5FC1-4B6F-ABA7-23213AAF4C0F} = {FDA029A6-2361-465E-8A34-D3D83ADADDB2}
		{3D2EB019-5970-46A3-BC44-1A51B202B2FE} = {3F4A45D9-5FC1-4B6F-ABA7-23213AAF4C0F}
		{810BFD83-13F0-431E-B86E-B56084831B93} = {1DBC30E0-6A94-4D27-B8BA-59D85D754024}
		{C57019FC-CD79-4A10-B821-2E9D6F73AFCC} = {FDA029A6-2361-465E-8A34-D3D83ADADDB2}
		{A6F1D8C2-C3AB-4CBB-B9A6-A96C307832EC} = {C57019FC-CD79-4A10-B821-2E9D6F73AFCC}
		{17ADF7D4-8B3A-490B-B663-576B44002CD1} = {E05E8501-B5E6-453A-BB2E-22D2CB78A390}
		{58274D48-E66B-4403-844B-532CB18C9E9B} = {17ADF7D4-8B3A-490B-B663-576B44002CD1}
		{A5A2931D-6598-48C9-91DB-1E0333488920} = {3F4A45D9-5FC1-4B6F-ABA7-23213AAF4C0F}
		{95FBFA3A-34C1-403B-90FB-60787180D01D} = {10AB4823-E937-4AA3-B2F7-922EDF881EA1}
		{80EC341D-7E9E-4233-9F52-35636FFBD4F4} = {17ADF7D4-8B3A-490B-B663-576B44002CD1}
		{724F1D2D-8764-452A-9C1E-A15C976D0ACE} = {AE2BB395-E830-4830-A361-0ED02183C16A}
		{330A9E06-5053-4A0C-A5B1-6FC5AA8954D8} = {17ADF7D4-8B3A-490B-B663-576B44002CD1}
	EndGlobalSection
	GlobalSection(ExtensibilityGlobals) = postSolution
		SolutionGuid = {13F50EBE-2779-4886-B9E9-B85783C45612}
	EndGlobalSection
EndGlobal
